// !$*UTF8*$!
{
	archiveVersion = 1;
	classes = {
	};
	objectVersion = 42;
	objects = {

/* Begin PBXFileReference section */
		A061EE4512F108E900277649 /* odbcshell-odbc.h */ = {isa = PBXFileReference; fileEncoding = 4; lastKnownFileType = sourcecode.c.h; path = "odbcshell-odbc.h"; sourceTree = "<group>"; };
		A061EE4612F108E900277649 /* odbcshell-odbc.c */ = {isa = PBXFileReference; fileEncoding = 4; lastKnownFileType = sourcecode.c.c; path = "odbcshell-odbc.c"; sourceTree = "<group>"; };
		A06CE3DD12E7BBD500AD1C66 /* acinclude.m4 */ = {isa = PBXFileReference; explicitFileType = text.script; fileEncoding = 4; path = acinclude.m4; sourceTree = "<group>"; };
		A06CE3DE12E7BBD500AD1C66 /* AUTHORS */ = {isa = PBXFileReference; fileEncoding = 4; lastKnownFileType = text; path = AUTHORS; sourceTree = "<group>"; };
		A06CE3DF12E7BBD500AD1C66 /* ChangeLog */ = {isa = PBXFileReference; fileEncoding = 4; lastKnownFileType = text; path = ChangeLog; sourceTree = "<group>"; };
		A06CE3E012E7BBD500AD1C66 /* configure.ac */ = {isa = PBXFileReference; explicitFileType = text.script; fileEncoding = 4; path = configure.ac; sourceTree = "<group>"; };
		A06CE3E112E7BBD500AD1C66 /* COPYING */ = {isa = PBXFileReference; fileEncoding = 4; lastKnownFileType = text; path = COPYING; sourceTree = "<group>"; };
		A06CE3E212E7BBD500AD1C66 /* Makefile.am */ = {isa = PBXFileReference; explicitFileType = sourcecode.make; fileEncoding = 4; indentWidth = 8; path = Makefile.am; sourceTree = "<group>"; tabWidth = 8; };
		A06CE3E312E7BBD500AD1C66 /* NEWS */ = {isa = PBXFileReference; fileEncoding = 4; lastKnownFileType = text; path = NEWS; sourceTree = "<group>"; };
		A06CE3E412E7BBD500AD1C66 /* README */ = {isa = PBXFileReference; fileEncoding = 4; lastKnownFileType = text; path = README; sourceTree = "<group>"; };
		A06CE3E712E7BBD500AD1C66 /* odbcshell.c */ = {isa = PBXFileReference; fileEncoding = 4; lastKnownFileType = sourcecode.c.c; path = odbcshell.c; sourceTree = "<group>"; };
		A06CE40C12E7C7AB00AD1C66 /* odbcshell.h */ = {isa = PBXFileReference; fileEncoding = 4; lastKnownFileType = sourcecode.c.h; path = odbcshell.h; sourceTree = "<group>"; };
		A06CE44212E7D6F500AD1C66 /* odbcshell-cli.h */ = {isa = PBXFileReference; fileEncoding = 4; lastKnownFileType = sourcecode.c.h; path = "odbcshell-cli.h"; sourceTree = "<group>"; };
		A06CE44312E7D6F500AD1C66 /* odbcshell-cli.c */ = {isa = PBXFileReference; fileEncoding = 4; lastKnownFileType = sourcecode.c.c; path = "odbcshell-cli.c"; sourceTree = "<group>"; };
		A06CE4C212E8C8A800AD1C66 /* odbcshell-options.h */ = {isa = PBXFileReference; fileEncoding = 4; lastKnownFileType = sourcecode.c.h; path = "odbcshell-options.h"; sourceTree = "<group>"; };
		A06CE4C312E8C8A800AD1C66 /* odbcshell-options.c */ = {isa = PBXFileReference; fileEncoding = 4; lastKnownFileType = sourcecode.c.c; path = "odbcshell-options.c"; sourceTree = "<group>"; };
		A0B80EE112EA0C7D005A119F /* odbcshell-parse.h */ = {isa = PBXFileReference; fileEncoding = 4; lastKnownFileType = sourcecode.c.h; path = "odbcshell-parse.h"; sourceTree = "<group>"; };
		A0B80EE212EA0C7D005A119F /* odbcshell-parse.c */ = {isa = PBXFileReference; fileEncoding = 4; lastKnownFileType = sourcecode.c.c; path = "odbcshell-parse.c"; sourceTree = "<group>"; };
		A0B80EE812EA0D56005A119F /* odbcshell-variables.h */ = {isa = PBXFileReference; fileEncoding = 4; lastKnownFileType = sourcecode.c.h; path = "odbcshell-variables.h"; sourceTree = "<group>"; };
		A0B80EE912EA0D56005A119F /* odbcshell-variables.c */ = {isa = PBXFileReference; fileEncoding = 4; lastKnownFileType = sourcecode.c.c; path = "odbcshell-variables.c"; sourceTree = "<group>"; };
		A0B80F2212EA46D8005A119F /* odbcshell-commands.h */ = {isa = PBXFileReference; fileEncoding = 4; lastKnownFileType = sourcecode.c.h; path = "odbcshell-commands.h"; sourceTree = "<group>"; };
		A0B80F2312EA46D8005A119F /* odbcshell-commands.c */ = {isa = PBXFileReference; fileEncoding = 4; lastKnownFileType = sourcecode.c.c; path = "odbcshell-commands.c"; sourceTree = "<group>"; };
		A0D7191F12F0D2C0004AFD89 /* git-package-version.sh */ = {isa = PBXFileReference; fileEncoding = 4; lastKnownFileType = text.script.sh; path = "git-package-version.sh"; sourceTree = "<group>"; };
/* End PBXFileReference section */

/* Begin PBXGroup section */
		A06CE3CA12E7BBAB00AD1C66 = {
			isa = PBXGroup;
			children = (
				A06CE3DD12E7BBD500AD1C66 /* acinclude.m4 */,
				A06CE3DE12E7BBD500AD1C66 /* AUTHORS */,
				A0D7191712F0D2C0004AFD89 /* build-aux */,
				A06CE3DF12E7BBD500AD1C66 /* ChangeLog */,
				A06CE3E012E7BBD500AD1C66 /* configure.ac */,
				A06CE3E112E7BBD500AD1C66 /* COPYING */,
				A06CE3E212E7BBD500AD1C66 /* Makefile.am */,
				A06CE3E312E7BBD500AD1C66 /* NEWS */,
				A06CE3E412E7BBD500AD1C66 /* README */,
				A06CE3E512E7BBD500AD1C66 /* src */,
			);
			sourceTree = "<group>";
		};
		A06CE3E512E7BBD500AD1C66 /* src */ = {
			isa = PBXGroup;
			children = (
				A06CE3E712E7BBD500AD1C66 /* odbcshell.c */,
				A06CE40C12E7C7AB00AD1C66 /* odbcshell.h */,
				A06CE44312E7D6F500AD1C66 /* odbcshell-cli.c */,
				A06CE44212E7D6F500AD1C66 /* odbcshell-cli.h */,
				A0B80F2312EA46D8005A119F /* odbcshell-commands.c */,
				A0B80F2212EA46D8005A119F /* odbcshell-commands.h */,
				A061EE4612F108E900277649 /* odbcshell-odbc.c */,
				A061EE4512F108E900277649 /* odbcshell-odbc.h */,
				A06CE4C312E8C8A800AD1C66 /* odbcshell-options.c */,
				A06CE4C212E8C8A800AD1C66 /* odbcshell-options.h */,
				A0B80EE212EA0C7D005A119F /* odbcshell-parse.c */,
				A0B80EE112EA0C7D005A119F /* odbcshell-parse.h */,
				A0B80EE912EA0D56005A119F /* odbcshell-variables.c */,
				A0B80EE812EA0D56005A119F /* odbcshell-variables.h */,
			);
			path = src;
			sourceTree = "<group>";
		};
		A0D7191712F0D2C0004AFD89 /* build-aux */ = {
			isa = PBXGroup;
			children = (
				A0D7191F12F0D2C0004AFD89 /* git-package-version.sh */,
			);
			path = "build-aux";
			sourceTree = "<group>";
		};
/* End PBXGroup section */

/* Begin PBXProject section */
		A06CE3CC12E7BBAB00AD1C66 /* Project object */ = {
			isa = PBXProject;
			buildConfigurationList = A06CE3CF12E7BBAB00AD1C66 /* Build configuration list for PBXProject "ODBC Shell" */;
			compatibilityVersion = "Xcode 2.4";
			developmentRegion = English;
			hasScannedForEncodings = 0;
			knownRegions = (
				English,
				Japanese,
				French,
				German,
			);
			mainGroup = A06CE3CA12E7BBAB00AD1C66;
			projectDirPath = "";
			projectRoot = "";
			targets = (
			);
		};
/* End PBXProject section */

/* Begin XCBuildConfiguration section */
		A06CE3CD12E7BBAB00AD1C66 /* Debug */ = {
			isa = XCBuildConfiguration;
			buildSettings = {
				COPY_PHASE_STRIP = NO;
			};
			name = Debug;
		};
		A06CE3CE12E7BBAB00AD1C66 /* Release */ = {
			isa = XCBuildConfiguration;
			buildSettings = {
				COPY_PHASE_STRIP = YES;
			};
			name = Release;
		};
/* End XCBuildConfiguration section */

/* Begin XCConfigurationList section */
		A06CE3CF12E7BBAB00AD1C66 /* Build configuration list for PBXProject "ODBC Shell" */ = {
			isa = XCConfigurationList;
			buildConfigurations = (
				A06CE3CD12E7BBAB00AD1C66 /* Debug */,
				A06CE3CE12E7BBAB00AD1C66 /* Release */,
			);
			defaultConfigurationIsVisible = 0;
			defaultConfigurationName = Release;
		};
/* End XCConfigurationList section */
	};
	rootObject = A06CE3CC12E7BBAB00AD1C66 /* Project object */;
}
